
Microsoft Visual Studio Solution File, Format Version 12.00
# Visual Studio Version 17
VisualStudioVersion = 17.6.33829.357
MinimumVisualStudioVersion = 10.0.40219.1
Project("{9A19103F-16F7-4668-BE54-9A1E7A4F7556}") = "IdentityServerAspNetIdentity", "IdentityServerAspNetIdentity.csproj", "{B2C4EEB8-DCC1-419E-8FCE-3993E0A13211}"
EndProject
Project("{9A19103F-16F7-4668-BE54-9A1E7A4F7556}") = "Web_App", "..\Web_App\Web_App.csproj", "{F55A966C-A5BF-42B1-B62D-D55AD877577F}"
EndProject
Global
	GlobalSection(SolutionConfigurationPlatforms) = preSolution
		Debug|Any CPU = Debug|Any CPU
		Release|Any CPU = Release|Any CPU
	EndGlobalSection
	GlobalSection(ProjectConfigurationPlatforms) = postSolution
		{B2C4EEB8-DCC1-419E-8FCE-3993E0A13211}.Debug|Any CPU.ActiveCfg = Debug|Any CPU
		{B2C4EEB8-DCC1-419E-8FCE-3993E0A13211}.Debug|Any CPU.Build.0 = Debug|Any CPU
		{B2C4EEB8-DCC1-419E-8FCE-3993E0A13211}.Release|Any CPU.ActiveCfg = Release|Any CPU
		{B2C4EEB8-DCC1-419E-8FCE-3993E0A13211}.Release|Any CPU.Build.0 = Release|Any CPU
		{F55A966C-A5BF-42B1-B62D-D55AD877577F}.Debug|Any CPU.ActiveCfg = Debug|Any CPU
		{F55A966C-A5BF-42B1-B62D-D55AD877577F}.Debug|Any CPU.Build.0 = Debug|Any CPU
		{F55A966C-A5BF-42B1-B62D-D55AD877577F}.Release|Any CPU.ActiveCfg = Release|Any CPU
		{F55A966C-A5BF-42B1-B62D-D55AD877577F}.Release|Any CPU.Build.0 = Release|Any CPU
	EndGlobalSection
	GlobalSection(SolutionProperties) = preSolution
		HideSolutionNode = FALSE
	EndGlobalSection
	GlobalSection(ExtensibilityGlobals) = postSolution
		SolutionGuid = {FA77834E-FC1D-4C7B-BCF1-3B238B61C406}
	EndGlobalSection
EndGlobal
